// !$*UTF8*$!
{
	archiveVersion = 1;
	classes = {
	};
	objectVersion = 50;
	objects = {

/* Begin PBXBuildFile section */
		745C203228E352D90059300B /* AppDelegate.m in Sources */ = {isa = PBXBuildFile; fileRef = 745C203128E352D90059300B /* AppDelegate.m */; };
		745C203528E352D90059300B /* SceneDelegate.m in Sources */ = {isa = PBXBuildFile; fileRef = 745C203428E352D90059300B /* SceneDelegate.m */; };
		745C203828E352D90059300B /* ViewController.m in Sources */ = {isa = PBXBuildFile; fileRef = 745C203728E352D90059300B /* ViewController.m */; };
		745C203B28E352D90059300B /* Main.storyboard in Resources */ = {isa = PBXBuildFile; fileRef = 745C203928E352D90059300B /* Main.storyboard */; };
		745C203D28E352DA0059300B /* Assets.xcassets in Resources */ = {isa = PBXBuildFile; fileRef = 745C203C28E352DA0059300B /* Assets.xcassets */; };
		745C204028E352DA0059300B /* LaunchScreen.storyboard in Resources */ = {isa = PBXBuildFile; fileRef = 745C203E28E352DA0059300B /* LaunchScreen.storyboard */; };
		745C204328E352DA0059300B /* main.m in Sources */ = {isa = PBXBuildFile; fileRef = 745C204228E352DA0059300B /* main.m */; };
		745C204D28E352DA0059300B /* TimerTests.m in Sources */ = {isa = PBXBuildFile; fileRef = 745C204C28E352DA0059300B /* TimerTests.m */; };
		745C205828E352DA0059300B /* TimerUITests.m in Sources */ = {isa = PBXBuildFile; fileRef = 745C205728E352DA0059300B /* TimerUITests.m */; };
/* End PBXBuildFile section */

/* Begin PBXContainerItemProxy section */
		745C204928E352DA0059300B /* PBXContainerItemProxy */ = {
			isa = PBXContainerItemProxy;
			containerPortal = 745C202528E352D90059300B /* Project object */;
			proxyType = 1;
			remoteGlobalIDString = 745C202C28E352D90059300B;
			remoteInfo = Timer;
		};
		745C205428E352DA0059300B /* PBXContainerItemProxy */ = {
			isa = PBXContainerItemProxy;
			containerPortal = 745C202528E352D90059300B /* Project object */;
			proxyType = 1;
			remoteGlobalIDString = 745C202C28E352D90059300B;
			remoteInfo = Timer;
		};
/* End PBXContainerItemProxy section */

/* Begin PBXFileReference section */
		745C202D28E352D90059300B /* Timer.app */ = {isa = PBXFileReference; explicitFileType = wrapper.application; includeInIndex = 0; path = Timer.app; sourceTree = BUILT_PRODUCTS_DIR; };
		745C203028E352D90059300B /* AppDelegate.h */ = {isa = PBXFileReference; lastKnownFileType = sourcecode.c.h; path = AppDelegate.h; sourceTree = "<group>"; };
		745C203128E352D90059300B /* AppDelegate.m */ = {isa = PBXFileReference; lastKnownFileType = sourcecode.c.objc; path = AppDelegate.m; sourceTree = "<group>"; };
		745C203328E352D90059300B /* SceneDelegate.h */ = {isa = PBXFileReference; lastKnownFileType = sourcecode.c.h; path = SceneDelegate.h; sourceTree = "<group>"; };
		745C203428E352D90059300B /* SceneDelegate.m */ = {isa = PBXFileReference; lastKnownFileType = sourcecode.c.objc; path = SceneDelegate.m; sourceTree = "<group>"; };
		745C203628E352D90059300B /* ViewController.h */ = {isa = PBXFileReference; lastKnownFileType = sourcecode.c.h; path = ViewController.h; sourceTree = "<group>"; };
		745C203728E352D90059300B /* ViewController.m */ = {isa = PBXFileReference; lastKnownFileType = sourcecode.c.objc; path = ViewController.m; sourceTree = "<group>"; };
		745C203A28E352D90059300B /* Base */ = {isa = PBXFileReference; lastKnownFileType = file.storyboard; name = Base; path = Base.lproj/Main.storyboard; sourceTree = "<group>"; };
		745C203C28E352DA0059300B /* Assets.xcassets */ = {isa = PBXFileReference; lastKnownFileType = folder.assetcatalog; path = Assets.xcassets; sourceTree = "<group>"; };
		745C203F28E352DA0059300B /* Base */ = {isa = PBXFileReference; lastKnownFileType = file.storyboard; name = Base; path = Base.lproj/LaunchScreen.storyboard; sourceTree = "<group>"; };
		745C204128E352DA0059300B /* Info.plist */ = {isa = PBXFileReference; lastKnownFileType = text.plist.xml; path = Info.plist; sourceTree = "<group>"; };
		745C204228E352DA0059300B /* main.m */ = {isa = PBXFileReference; lastKnownFileType = sourcecode.c.objc; path = main.m; sourceTree = "<group>"; };
		745C204828E352DA0059300B /* TimerTests.xctest */ = {isa = PBXFileReference; explicitFileType = wrapper.cfbundle; includeInIndex = 0; path = TimerTests.xctest; sourceTree = BUILT_PRODUCTS_DIR; };
		745C204C28E352DA0059300B /* TimerTests.m */ = {isa = PBXFileReference; lastKnownFileType = sourcecode.c.objc; path = TimerTests.m; sourceTree = "<group>"; };
		745C204E28E352DA0059300B /* Info.plist */ = {isa = PBXFileReference; lastKnownFileType = text.plist.xml; path = Info.plist; sourceTree = "<group>"; };
		745C205328E352DA0059300B /* TimerUITests.xctest */ = {isa = PBXFileReference; explicitFileType = wrapper.cfbundle; includeInIndex = 0; path = TimerUITests.xctest; sourceTree = BUILT_PRODUCTS_DIR; };
		745C205728E352DA0059300B /* TimerUITests.m */ = {isa = PBXFileReference; lastKnownFileType = sourcecode.c.objc; path = TimerUITests.m; sourceTree = "<group>"; };
		745C205928E352DA0059300B /* Info.plist */ = {isa = PBXFileReference; lastKnownFileType = text.plist.xml; path = Info.plist; sourceTree = "<group>"; };
/* End PBXFileReference section */

/* Begin PBXFrameworksBuildPhase section */
		745C202A28E352D90059300B /* Frameworks */ = {
			isa = PBXFrameworksBuildPhase;
			buildActionMask = 2147483647;
			files = (
			);
			runOnlyForDeploymentPostprocessing = 0;
		};
		745C204528E352DA0059300B /* Frameworks */ = {
			isa = PBXFrameworksBuildPhase;
			buildActionMask = 2147483647;
			files = (
			);
			runOnlyForDeploymentPostprocessing = 0;
		};
		745C205028E352DA0059300B /* Frameworks */ = {
			isa = PBXFrameworksBuildPhase;
			buildActionMask = 2147483647;
			files = (
			);
			runOnlyForDeploymentPostprocessing = 0;
		};
/* End PBXFrameworksBuildPhase section */

/* Begin PBXGroup section */
		745C202428E352D90059300B = {
			isa = PBXGroup;
			children = (
				745C202F28E352D90059300B /* Timer */,
				745C204B28E352DA0059300B /* TimerTests */,
				745C205628E352DA0059300B /* TimerUITests */,
				745C202E28E352D90059300B /* Products */,
			);
			sourceTree = "<group>";
		};
		745C202E28E352D90059300B /* Products */ = {
			isa = PBXGroup;
			children = (
				745C202D28E352D90059300B /* Timer.app */,
				745C204828E352DA0059300B /* TimerTests.xctest */,
				745C205328E352DA0059300B /* TimerUITests.xctest */,
			);
			name = Products;
			sourceTree = "<group>";
		};
		745C202F28E352D90059300B /* Timer */ = {
			isa = PBXGroup;
			children = (
				745C203028E352D90059300B /* AppDelegate.h */,
				745C203128E352D90059300B /* AppDelegate.m */,
				745C203328E352D90059300B /* SceneDelegate.h */,
				745C203428E352D90059300B /* SceneDelegate.m */,
				745C203628E352D90059300B /* ViewController.h */,
				745C203728E352D90059300B /* ViewController.m */,
				745C203928E352D90059300B /* Main.storyboard */,
				745C203C28E352DA0059300B /* Assets.xcassets */,
				745C203E28E352DA0059300B /* LaunchScreen.storyboard */,
				745C204128E352DA0059300B /* Info.plist */,
				745C204228E352DA0059300B /* main.m */,
			);
			path = Timer;
			sourceTree = "<group>";
		};
		745C204B28E352DA0059300B /* TimerTests */ = {
			isa = PBXGroup;
			children = (
				745C204C28E352DA0059300B /* TimerTests.m */,
				745C204E28E352DA0059300B /* Info.plist */,
			);
			path = TimerTests;
			sourceTree = "<group>";
		};
		745C205628E352DA0059300B /* TimerUITests */ = {
			isa = PBXGroup;
			children = (
				745C205728E352DA0059300B /* TimerUITests.m */,
				745C205928E352DA0059300B /* Info.plist */,
			);
			path = TimerUITests;
			sourceTree = "<group>";
		};
/* End PBXGroup section */

/* Begin PBXNativeTarget section */
		745C202C28E352D90059300B /* Timer */ = {
			isa = PBXNativeTarget;
			buildConfigurationList = 745C205C28E352DA0059300B /* Build configuration list for PBXNativeTarget "Timer" */;
			buildPhases = (
				745C202928E352D90059300B /* Sources */,
				745C202A28E352D90059300B /* Frameworks */,
				745C202B28E352D90059300B /* Resources */,
			);
			buildRules = (
			);
			dependencies = (
			);
			name = Timer;
			productName = Timer;
			productReference = 745C202D28E352D90059300B /* Timer.app */;
			productType = "com.apple.product-type.application";
		};
		745C204728E352DA0059300B /* TimerTests */ = {
			isa = PBXNativeTarget;
			buildConfigurationList = 745C205F28E352DA0059300B /* Build configuration list for PBXNativeTarget "TimerTests" */;
			buildPhases = (
				745C204428E352DA0059300B /* Sources */,
				745C204528E352DA0059300B /* Frameworks */,
				745C204628E352DA0059300B /* Resources */,
			);
			buildRules = (
			);
			dependencies = (
				745C204A28E352DA0059300B /* PBXTargetDependency */,
			);
			name = TimerTests;
			productName = TimerTests;
			productReference = 745C204828E352DA0059300B /* TimerTests.xctest */;
			productType = "com.apple.product-type.bundle.unit-test";
		};
		745C205228E352DA0059300B /* TimerUITests */ = {
			isa = PBXNativeTarget;
			buildConfigurationList = 745C206228E352DA0059300B /* Build configuration list for PBXNativeTarget "TimerUITests" */;
			buildPhases = (
				745C204F28E352DA0059300B /* Sources */,
				745C205028E352DA0059300B /* Frameworks */,
				745C205128E352DA0059300B /* Resources */,
			);
			buildRules = (
			);
			dependencies = (
				745C205528E352DA0059300B /* PBXTargetDependency */,
			);
			name = TimerUITests;
			productName = TimerUITests;
			productReference = 745C205328E352DA0059300B /* TimerUITests.xctest */;
			productType = "com.apple.product-type.bundle.ui-testing";
		};
/* End PBXNativeTarget section */

/* Begin PBXProject section */
		745C202528E352D90059300B /* Project object */ = {
			isa = PBXProject;
			attributes = {
				LastUpgradeCheck = 1250;
				TargetAttributes = {
					745C202C28E352D90059300B = {
						CreatedOnToolsVersion = 12.5.1;
					};
					745C204728E352DA0059300B = {
						CreatedOnToolsVersion = 12.5.1;
						TestTargetID = 745C202C28E352D90059300B;
					};
					745C205228E352DA0059300B = {
						CreatedOnToolsVersion = 12.5.1;
						TestTargetID = 745C202C28E352D90059300B;
					};
				};
			};
			buildConfigurationList = 745C202828E352D90059300B /* Build configuration list for PBXProject "Timer" */;
			compatibilityVersion = "Xcode 9.3";
			developmentRegion = en;
			hasScannedForEncodings = 0;
			knownRegions = (
				en,
				Base,
			);
			mainGroup = 745C202428E352D90059300B;
			productRefGroup = 745C202E28E352D90059300B /* Products */;
			projectDirPath = "";
			projectRoot = "";
			targets = (
				745C202C28E352D90059300B /* Timer */,
				745C204728E352DA0059300B /* TimerTests */,
				745C205228E352DA0059300B /* TimerUITests */,
			);
		};
/* End PBXProject section */

/* Begin PBXResourcesBuildPhase section */
		745C202B28E352D90059300B /* Resources */ = {
			isa = PBXResourcesBuildPhase;
			buildActionMask = 2147483647;
			files = (
				745C204028E352DA0059300B /* LaunchScreen.storyboard in Resources */,
				745C203D28E352DA0059300B /* Assets.xcassets in Resources */,
				745C203B28E352D90059300B /* Main.storyboard in Resources */,
			);
			runOnlyForDeploymentPostprocessing = 0;
		};
		745C204628E352DA0059300B /* Resources */ = {
			isa = PBXResourcesBuildPhase;
			buildActionMask = 2147483647;
			files = (
			);
			runOnlyForDeploymentPostprocessing = 0;
		};
		745C205128E352DA0059300B /* Resources */ = {
			isa = PBXResourcesBuildPhase;
			buildActionMask = 2147483647;
			files = (
			);
			runOnlyForDeploymentPostprocessing = 0;
		};
/* End PBXResourcesBuildPhase section */

/* Begin PBXSourcesBuildPhase section */
		745C202928E352D90059300B /* Sources */ = {
			isa = PBXSourcesBuildPhase;
			buildActionMask = 2147483647;
			files = (
				745C203828E352D90059300B /* ViewController.m in Sources */,
				745C203228E352D90059300B /* AppDelegate.m in Sources */,
				745C204328E352DA0059300B /* main.m in Sources */,
				745C203528E352D90059300B /* SceneDelegate.m in Sources */,
			);
			runOnlyForDeploymentPostprocessing = 0;
		};
		745C204428E352DA0059300B /* Sources */ = {
			isa = PBXSourcesBuildPhase;
			buildActionMask = 2147483647;
			files = (
				745C204D28E352DA0059300B /* TimerTests.m in Sources */,
			);
			runOnlyForDeploymentPostprocessing = 0;
		};
		745C204F28E352DA0059300B /* Sources */ = {
			isa = PBXSourcesBuildPhase;
			buildActionMask = 2147483647;
			files = (
				745C205828E352DA0059300B /* TimerUITests.m in Sources */,
			);
			runOnlyForDeploymentPostprocessing = 0;
		};
/* End PBXSourcesBuildPhase section */

/* Begin PBXTargetDependency section */
		745C204A28E352DA0059300B /* PBXTargetDependency */ = {
			isa = PBXTargetDependency;
			target = 745C202C28E352D90059300B /* Timer */;
			targetProxy = 745C204928E352DA0059300B /* PBXContainerItemProxy */;
		};
		745C205528E352DA0059300B /* PBXTargetDependency */ = {
			isa = PBXTargetDependency;
			target = 745C202C28E352D90059300B /* Timer */;
			targetProxy = 745C205428E352DA0059300B /* PBXContainerItemProxy */;
		};
/* End PBXTargetDependency section */

/* Begin PBXVariantGroup section */
		745C203928E352D90059300B /* Main.storyboard */ = {
			isa = PBXVariantGroup;
			children = (
				745C203A28E352D90059300B /* Base */,
			);
			name = Main.storyboard;
			sourceTree = "<group>";
		};
		745C203E28E352DA0059300B /* LaunchScreen.storyboard */ = {
			isa = PBXVariantGroup;
			children = (
				745C203F28E352DA0059300B /* Base */,
			);
			name = LaunchScreen.storyboard;
			sourceTree = "<group>";
		};
/* End PBXVariantGroup section */

/* Begin XCBuildConfiguration section */
		745C205A28E352DA0059300B /* Debug */ = {
			isa = XCBuildConfiguration;
			buildSettings = {
				ALWAYS_SEARCH_USER_PATHS = NO;
				CLANG_ANALYZER_NONNULL = YES;
				CLANG_ANALYZER_NUMBER_OBJECT_CONVERSION = YES_AGGRESSIVE;
				CLANG_CXX_LANGUAGE_STANDARD = "gnu++14";
				CLANG_CXX_LIBRARY = "libc++";
				CLANG_ENABLE_MODULES = YES;
				CLANG_ENABLE_OBJC_ARC = YES;
				CLANG_ENABLE_OBJC_WEAK = YES;
				CLANG_WARN_BLOCK_CAPTURE_AUTORELEASING = YES;
				CLANG_WARN_BOOL_CONVERSION = YES;
				CLANG_WARN_COMMA = YES;
				CLANG_WARN_CONSTANT_CONVERSION = YES;
				CLANG_WARN_DEPRECATED_OBJC_IMPLEMENTATIONS = YES;
				CLANG_WARN_DIRECT_OBJC_ISA_USAGE = YES_ERROR;
				CLANG_WARN_DOCUMENTATION_COMMENTS = YES;
				CLANG_WARN_EMPTY_BODY = YES;
				CLANG_WARN_ENUM_CONVERSION = YES;
				CLANG_WARN_INFINITE_RECURSION = YES;
				CLANG_WARN_INT_CONVERSION = YES;
				CLANG_WARN_NON_LITERAL_NULL_CONVERSION = YES;
				CLANG_WARN_OBJC_IMPLICIT_RETAIN_SELF = YES;
				CLANG_WARN_OBJC_LITERAL_CONVERSION = YES;
				CLANG_WARN_OBJC_ROOT_CLASS = YES_ERROR;
				CLANG_WARN_QUOTED_INCLUDE_IN_FRAMEWORK_HEADER = YES;
				CLANG_WARN_RANGE_LOOP_ANALYSIS = YES;
				CLANG_WARN_STRICT_PROTOTYPES = YES;
				CLANG_WARN_SUSPICIOUS_MOVE = YES;
				CLANG_WARN_UNGUARDED_AVAILABILITY = YES_AGGRESSIVE;
				CLANG_WARN_UNREACHABLE_CODE = YES;
				CLANG_WARN__DUPLICATE_METHOD_MATCH = YES;
				COPY_PHASE_STRIP = NO;
				DEBUG_INFORMATION_FORMAT = dwarf;
				ENABLE_STRICT_OBJC_MSGSEND = YES;
				ENABLE_TESTABILITY = YES;
				GCC_C_LANGUAGE_STANDARD = gnu11;
				GCC_DYNAMIC_NO_PIC = NO;
				GCC_NO_COMMON_BLOCKS = YES;
				GCC_OPTIMIZATION_LEVEL = 0;
				GCC_PREPROCESSOR_DEFINITIONS = (
					"DEBUG=1",
					"$(inherited)",
				);
				GCC_WARN_64_TO_32_BIT_CONVERSION = YES;
				GCC_WARN_ABOUT_RETURN_TYPE = YES_ERROR;
				GCC_WARN_UNDECLARED_SELECTOR = YES;
				GCC_WARN_UNINITIALIZED_AUTOS = YES_AGGRESSIVE;
				GCC_WARN_UNUSED_FUNCTION = YES;
				GCC_WARN_UNUSED_VARIABLE = YES;
				IPHONEOS_DEPLOYMENT_TARGET = 14.5;
				MTL_ENABLE_DEBUG_INFO = INCLUDE_SOURCE;
				MTL_FAST_MATH = YES;
				ONLY_ACTIVE_ARCH = YES;
				SDKROOT = iphoneos;
			};
			name = Debug;
		};
		745C205B28E352DA0059300B /* Release */ = {
			isa = XCBuildConfiguration;
			buildSettings = {
				ALWAYS_SEARCH_USER_PATHS = NO;
				CLANG_ANALYZER_NONNULL = YES;
				CLANG_ANALYZER_NUMBER_OBJECT_CONVERSION = YES_AGGRESSIVE;
				CLANG_CXX_LANGUAGE_STANDARD = "gnu++14";
				CLANG_CXX_LIBRARY = "libc++";
				CLANG_ENABLE_MODULES = YES;
				CLANG_ENABLE_OBJC_ARC = YES;
				CLANG_ENABLE_OBJC_WEAK = YES;
				CLANG_WARN_BLOCK_CAPTURE_AUTORELEASING = YES;
				CLANG_WARN_BOOL_CONVERSION = YES;
				CLANG_WARN_COMMA = YES;
				CLANG_WARN_CONSTANT_CONVERSION = YES;
				CLANG_WARN_DEPRECATED_OBJC_IMPLEMENTATIONS = YES;
				CLANG_WARN_DIRECT_OBJC_ISA_USAGE = YES_ERROR;
				CLANG_WARN_DOCUMENTATION_COMMENTS = YES;
				CLANG_WARN_EMPTY_BODY = YES;
				CLANG_WARN_ENUM_CONVERSION = YES;
				CLANG_WARN_INFINITE_RECURSION = YES;
				CLANG_WARN_INT_CONVERSION = YES;
				CLANG_WARN_NON_LITERAL_NULL_CONVERSION = YES;
				CLANG_WARN_OBJC_IMPLICIT_RETAIN_SELF = YES;
				CLANG_WARN_OBJC_LITERAL_CONVERSION = YES;
				CLANG_WARN_OBJC_ROOT_CLASS = YES_ERROR;
				CLANG_WARN_QUOTED_INCLUDE_IN_FRAMEWORK_HEADER = YES;
				CLANG_WARN_RANGE_LOOP_ANALYSIS = YES;
				CLANG_WARN_STRICT_PROTOTYPES = YES;
				CLANG_WARN_SUSPICIOUS_MOVE = YES;
				CLANG_WARN_UNGUARDED_AVAILABILITY = YES_AGGRESSIVE;
				CLANG_WARN_UNREACHABLE_CODE = YES;
				CLANG_WARN__DUPLICATE_METHOD_MATCH = YES;
				COPY_PHASE_STRIP = NO;
				DEBUG_INFORMATION_FORMAT = "dwarf-with-dsym";
				ENABLE_NS_ASSERTIONS = NO;
				ENABLE_STRICT_OBJC_MSGSEND = YES;
				GCC_C_LANGUAGE_STANDARD = gnu11;
				GCC_NO_COMMON_BLOCKS = YES;
				GCC_WARN_64_TO_32_BIT_CONVERSION = YES;
				GCC_WARN_ABOUT_RETURN_TYPE = YES_ERROR;
				GCC_WARN_UNDECLARED_SELECTOR = YES;
				GCC_WARN_UNINITIALIZED_AUTOS = YES_AGGRESSIVE;
				GCC_WARN_UNUSED_FUNCTION = YES;
				GCC_WARN_UNUSED_VARIABLE = YES;
				IPHONEOS_DEPLOYMENT_TARGET = 14.5;
				MTL_ENABLE_DEBUG_INFO = NO;
				MTL_FAST_MATH = YES;
				SDKROOT = iphoneos;
				VALIDATE_PRODUCT = YES;
			};
			name = Release;
		};
		745C205D28E352DA0059300B /* Debug */ = {
			isa = XCBuildConfiguration;
			buildSettings = {
				ASSETCATALOG_COMPILER_APPICON_NAME = AppIcon;
				ASSETCATALOG_COMPILER_GLOBAL_ACCENT_COLOR_NAME = AccentColor;
				CODE_SIGN_STYLE = Automatic;
				INFOPLIST_FILE = Timer/Info.plist;
				LD_RUNPATH_SEARCH_PATHS = (
					"$(inherited)",
					"@executable_path/Frameworks",
				);
				PRODUCT_BUNDLE_IDENTIFIER = Charu.Timer;
				PRODUCT_NAME = "$(TARGET_NAME)";
				TARGETED_DEVICE_FAMILY = "1,2";
			};
			name = Debug;
		};
		745C205E28E352DA0059300B /* Release */ = {
			isa = XCBuildConfiguration;
			buildSettings = {
				ASSETCATALOG_COMPILER_APPICON_NAME = AppIcon;
				ASSETCATALOG_COMPILER_GLOBAL_ACCENT_COLOR_NAME = AccentColor;
				CODE_SIGN_STYLE = Automatic;
				INFOPLIST_FILE = Timer/Info.plist;
				LD_RUNPATH_SEARCH_PATHS = (
					"$(inherited)",
					"@executable_path/Frameworks",
				);
				PRODUCT_BUNDLE_IDENTIFIER = Charu.Timer;
				PRODUCT_NAME = "$(TARGET_NAME)";
				TARGETED_DEVICE_FAMILY = "1,2";
			};
			name = Release;
		};
		745C206028E352DA0059300B /* Debug */ = {
			isa = XCBuildConfiguration;
			buildSettings = {
				BUNDLE_LOADER = "$(TEST_HOST)";
				CODE_SIGN_STYLE = Automatic;
				INFOPLIST_FILE = TimerTests/Info.plist;
				IPHONEOS_DEPLOYMENT_TARGET = 14.5;
				LD_RUNPATH_SEARCH_PATHS = (
					"$(inherited)",
					"@executable_path/Frameworks",
					"@loader_path/Frameworks",
				);
				PRODUCT_BUNDLE_IDENTIFIER = Charu.TimerTests;
				PRODUCT_NAME = "$(TARGET_NAME)";
				TARGETED_DEVICE_FAMILY = "1,2";
				TEST_HOST = "$(BUILT_PRODUCTS_DIR)/Timer.app/Timer";
			};
			name = Debug;
		};
		745C206128E352DA0059300B /* Release */ = {
			isa = XCBuildConfiguration;
			buildSettings = {
				BUNDLE_LOADER = "$(TEST_HOST)";
				CODE_SIGN_STYLE = Automatic;
				INFOPLIST_FILE = TimerTests/Info.plist;
				IPHONEOS_DEPLOYMENT_TARGET = 14.5;
				LD_RUNPATH_SEARCH_PATHS = (
					"$(inherited)",
					"@executable_path/Frameworks",
					"@loader_path/Frameworks",
				);
				PRODUCT_BUNDLE_IDENTIFIER = Charu.TimerTests;
				PRODUCT_NAME = "$(TARGET_NAME)";
				TARGETED_DEVICE_FAMILY = "1,2";
				TEST_HOST = "$(BUILT_PRODUCTS_DIR)/Timer.app/Timer";
			};
			name = Release;
		};
		745C206328E352DA0059300B /* Debug */ = {
			isa = XCBuildConfiguration;
			buildSettings = {
				CODE_SIGN_STYLE = Automatic;
				INFOPLIST_FILE = TimerUITests/Info.plist;
				LD_RUNPATH_SEARCH_PATHS = (
					"$(inherited)",
					"@executable_path/Frameworks",
					"@loader_path/Frameworks",
				);
				PRODUCT_BUNDLE_IDENTIFIER = Charu.TimerUITests;
				PRODUCT_NAME = "$(TARGET_NAME)";
				TARGETED_DEVICE_FAMILY = "1,2";
				TEST_TARGET_NAME = Timer;
			};
			name = Debug;
		};
		745C206428E352DA0059300B /* Release */ = {
			isa = XCBuildConfiguration;
			buildSettings = {
				CODE_SIGN_STYLE = Automatic;
				INFOPLIST_FILE = TimerUITests/Info.plist;
				LD_RUNPATH_SEARCH_PATHS = (
					"$(inherited)",
					"@executable_path/Frameworks",
					"@loader_path/Frameworks",
				);
				PRODUCT_BUNDLE_IDENTIFIER = Charu.TimerUITests;
				PRODUCT_NAME = "$(TARGET_NAME)";
				TARGETED_DEVICE_FAMILY = "1,2";
				TEST_TARGET_NAME = Timer;
			};
			name = Release;
		};
/* End XCBuildConfiguration section */

/* Begin XCConfigurationList section */
		745C202828E352D90059300B /* Build configuration list for PBXProject "Timer" */ = {
			isa = XCConfigurationList;
			buildConfigurations = (
				745C205A28E352DA0059300B /* Debug */,
				745C205B28E352DA0059300B /* Release */,
			);
			defaultConfigurationIsVisible = 0;
			defaultConfigurationName = Release;
		};
		745C205C28E352DA0059300B /* Build configuration list for PBXNativeTarget "Timer" */ = {
			isa = XCConfigurationList;
			buildConfigurations = (
				745C205D28E352DA0059300B /* Debug */,
				745C205E28E352DA0059300B /* Release */,
			);
			defaultConfigurationIsVisible = 0;
			defaultConfigurationName = Release;
		};
		745C205F28E352DA0059300B /* Build configuration list for PBXNativeTarget "TimerTests" */ = {
			isa = XCConfigurationList;
			buildConfigurations = (
				745C206028E352DA0059300B /* Debug */,
				745C206128E352DA0059300B /* Release */,
			);
			defaultConfigurationIsVisible = 0;
			defaultConfigurationName = Release;
		};
		745C206228E352DA0059300B /* Build configuration list for PBXNativeTarget "TimerUITests" */ = {
			isa = XCConfigurationList;
			buildConfigurations = (
				745C206328E352DA0059300B /* Debug */,
				745C206428E352DA0059300B /* Release */,
			);
			defaultConfigurationIsVisible = 0;
			defaultConfigurationName = Release;
		};
/* End XCConfigurationList section */
	};
	rootObject = 745C202528E352D90059300B /* Project object */;
}
